
Microsoft Visual Studio Solution File, Format Version 12.00
# Visual Studio Version 17
VisualStudioVersion = 17.0.31903.59
MinimumVisualStudioVersion = 10.0.40219.1
Project("{2150E333-8FDC-42A3-9474-1A3956D46DE8}") = "Almacen", "Almacen", "{790A2397-AED6-4DB7-9F67-8FC8E38679C3}"
EndProject
Project("{FAE04EC0-301F-11D3-BF4B-00C04F79EFBC}") = "NovaCore.Service.Almacen.Api", "Almacen\NovaCore.Service.Almacen.Api\NovaCore.Service.Almacen.Api.csproj", "{207698EB-F7CE-400D-868B-3710040E45EE}"
EndProject
Project("{FAE04EC0-301F-11D3-BF4B-00C04F79EFBC}") = "NovaCore.Service.Almacen.Application", "Almacen\NovaCore.Service.Almacen.Application\NovaCore.Service.Almacen.Application.csproj", "{13FFB4A9-D4DE-40F9-BAC5-673687DF6048}"
EndProject
Project("{FAE04EC0-301F-11D3-BF4B-00C04F79EFBC}") = "NovaCore.Service.Almacen.Core", "Almacen\NovaCore.Service.Almacen.Core\NovaCore.Service.Almacen.Core.csproj", "{6AF55003-77F6-4C00-85A2-D7D8BE82D0DF}"
EndProject
Project("{FAE04EC0-301F-11D3-BF4B-00C04F79EFBC}") = "NovaCore.Service.Almacen.Infrastructure", "Almacen\NovaCore.Service.Almacen.Infrastructure\NovaCore.Service.Almacen.Infrastructure.csproj", "{413480FA-406C-45C1-9B78-36460DDC2A5C}"
EndProject
Project("{2150E333-8FDC-42A3-9474-1A3956D46DE8}") = "Common", "Common", "{55A39212-CDD7-4D85-B8E6-A39FA762C4C7}"
EndProject
Project("{FAE04EC0-301F-11D3-BF4B-00C04F79EFBC}") = "NovaCore.Common.Application", "Common\NovaCore.Common.Application\NovaCore.Common.Application.csproj", "{00082BE0-827B-4D1F-AE5D-3B2700070D65}"
EndProject
Project("{FAE04EC0-301F-11D3-BF4B-00C04F79EFBC}") = "NovaCore.Common.Core", "Common\NovaCore.Common.Core\NovaCore.Common.Core.csproj", "{B3C1A1D6-D423-41FF-B953-D304EC8DD357}"
EndProject
Global
	GlobalSection(SolutionConfigurationPlatforms) = preSolution
		Debug|Any CPU = Debug|Any CPU
		Release|Any CPU = Release|Any CPU
	EndGlobalSection
	GlobalSection(SolutionProperties) = preSolution
		HideSolutionNode = FALSE
	EndGlobalSection
	GlobalSection(ProjectConfigurationPlatforms) = postSolution
		{207698EB-F7CE-400D-868B-3710040E45EE}.Debug|Any CPU.ActiveCfg = Debug|Any CPU
		{207698EB-F7CE-400D-868B-3710040E45EE}.Debug|Any CPU.Build.0 = Debug|Any CPU
		{207698EB-F7CE-400D-868B-3710040E45EE}.Release|Any CPU.ActiveCfg = Release|Any CPU
		{207698EB-F7CE-400D-868B-3710040E45EE}.Release|Any CPU.Build.0 = Release|Any CPU
		{13FFB4A9-D4DE-40F9-BAC5-673687DF6048}.Debug|Any CPU.ActiveCfg = Debug|Any CPU
		{13FFB4A9-D4DE-40F9-BAC5-673687DF6048}.Debug|Any CPU.Build.0 = Debug|Any CPU
		{13FFB4A9-D4DE-40F9-BAC5-673687DF6048}.Release|Any CPU.ActiveCfg = Release|Any CPU
		{13FFB4A9-D4DE-40F9-BAC5-673687DF6048}.Release|Any CPU.Build.0 = Release|Any CPU
		{6AF55003-77F6-4C00-85A2-D7D8BE82D0DF}.Debug|Any CPU.ActiveCfg = Debug|Any CPU
		{6AF55003-77F6-4C00-85A2-D7D8BE82D0DF}.Debug|Any CPU.Build.0 = Debug|Any CPU
		{6AF55003-77F6-4C00-85A2-D7D8BE82D0DF}.Release|Any CPU.ActiveCfg = Release|Any CPU
		{6AF55003-77F6-4C00-85A2-D7D8BE82D0DF}.Release|Any CPU.Build.0 = Release|Any CPU
		{413480FA-406C-45C1-9B78-36460DDC2A5C}.Debug|Any CPU.ActiveCfg = Debug|Any CPU
		{413480FA-406C-45C1-9B78-36460DDC2A5C}.Debug|Any CPU.Build.0 = Debug|Any CPU
		{413480FA-406C-45C1-9B78-36460DDC2A5C}.Release|Any CPU.ActiveCfg = Release|Any CPU
		{413480FA-406C-45C1-9B78-36460DDC2A5C}.Release|Any CPU.Build.0 = Release|Any CPU
		{00082BE0-827B-4D1F-AE5D-3B2700070D65}.Debug|Any CPU.ActiveCfg = Debug|Any CPU
		{00082BE0-827B-4D1F-AE5D-3B2700070D65}.Debug|Any CPU.Build.0 = Debug|Any CPU
		{00082BE0-827B-4D1F-AE5D-3B2700070D65}.Release|Any CPU.ActiveCfg = Release|Any CPU
		{00082BE0-827B-4D1F-AE5D-3B2700070D65}.Release|Any CPU.Build.0 = Release|Any CPU
		{B3C1A1D6-D423-41FF-B953-D304EC8DD357}.Debug|Any CPU.ActiveCfg = Debug|Any CPU
		{B3C1A1D6-D423-41FF-B953-D304EC8DD357}.Debug|Any CPU.Build.0 = Debug|Any CPU
		{B3C1A1D6-D423-41FF-B953-D304EC8DD357}.Release|Any CPU.ActiveCfg = Release|Any CPU
		{B3C1A1D6-D423-41FF-B953-D304EC8DD357}.Release|Any CPU.Build.0 = Release|Any CPU
	EndGlobalSection
	GlobalSection(NestedProjects) = preSolution
		{207698EB-F7CE-400D-868B-3710040E45EE} = {790A2397-AED6-4DB7-9F67-8FC8E38679C3}
		{13FFB4A9-D4DE-40F9-BAC5-673687DF6048} = {790A2397-AED6-4DB7-9F67-8FC8E38679C3}
		{6AF55003-77F6-4C00-85A2-D7D8BE82D0DF} = {790A2397-AED6-4DB7-9F67-8FC8E38679C3}
		{413480FA-406C-45C1-9B78-36460DDC2A5C} = {790A2397-AED6-4DB7-9F67-8FC8E38679C3}
		{00082BE0-827B-4D1F-AE5D-3B2700070D65} = {55A39212-CDD7-4D85-B8E6-A39FA762C4C7}
		{B3C1A1D6-D423-41FF-B953-D304EC8DD357} = {55A39212-CDD7-4D85-B8E6-A39FA762C4C7}
	EndGlobalSection
EndGlobal
